
Microsoft Visual Studio Solution File, Format Version 12.00
# Visual Studio Version 16
VisualStudioVersion = 16.0.28922.388
MinimumVisualStudioVersion = 10.0.40219.1
Project("{FAE04EC0-301F-11D3-BF4B-00C04F79EFBC}") = "EventBriteAssignment3A", "EventBriteAssignment3A\EventBriteAssignment3A.csproj", "{8991B654-6AF3-4CB0-8513-1A13F418E15E}"
EndProject
Global
	GlobalSection(SolutionConfigurationPlatforms) = preSolution
		Debug|Any CPU = Debug|Any CPU
		Release|Any CPU = Release|Any CPU
	EndGlobalSection
	GlobalSection(ProjectConfigurationPlatforms) = postSolution
		{8991B654-6AF3-4CB0-8513-1A13F418E15E}.Debug|Any CPU.ActiveCfg = Debug|Any CPU
		{8991B654-6AF3-4CB0-8513-1A13F418E15E}.Debug|Any CPU.Build.0 = Debug|Any CPU
		{8991B654-6AF3-4CB0-8513-1A13F418E15E}.Release|Any CPU.ActiveCfg = Release|Any CPU
		{8991B654-6AF3-4CB0-8513-1A13F418E15E}.Release|Any CPU.Build.0 = Release|Any CPU
	EndGlobalSection
	GlobalSection(SolutionProperties) = preSolution
		HideSolutionNode = FALSE
	EndGlobalSection
	GlobalSection(ExtensibilityGlobals) = postSolution
		SolutionGuid = {A0A28A2F-A9B6-4299-A443-55726E4EC4A2}
	EndGlobalSection
EndGlobal
